// !$*UTF8*$!
{
	archiveVersion = 1;
	classes = {
	};
	objectVersion = 50;
	objects = {

/* Begin PBXBuildFile section */
		9B6F26AF25A2C0B900861FDA /* AppDelegate.swift in Sources */ = {isa = PBXBuildFile; fileRef = 9B6F26AE25A2C0B900861FDA /* AppDelegate.swift */; };
		9B6F26B125A2C0B900861FDA /* SceneDelegate.swift in Sources */ = {isa = PBXBuildFile; fileRef = 9B6F26B025A2C0B900861FDA /* SceneDelegate.swift */; };
		9B6F26B325A2C0B900861FDA /* ViewController.swift in Sources */ = {isa = PBXBuildFile; fileRef = 9B6F26B225A2C0B900861FDA /* ViewController.swift */; };
		9B6F26B625A2C0B900861FDA /* Main.storyboard in Resources */ = {isa = PBXBuildFile; fileRef = 9B6F26B425A2C0B900861FDA /* Main.storyboard */; };
		9B6F26B825A2C0C200861FDA /* Assets.xcassets in Resources */ = {isa = PBXBuildFile; fileRef = 9B6F26B725A2C0C200861FDA /* Assets.xcassets */; };
		9B6F26BB25A2C0C200861FDA /* LaunchScreen.storyboard in Resources */ = {isa = PBXBuildFile; fileRef = 9B6F26B925A2C0C200861FDA /* LaunchScreen.storyboard */; };
		9B6F26C625A2C0C300861FDA /* TuityTests.swift in Sources */ = {isa = PBXBuildFile; fileRef = 9B6F26C525A2C0C300861FDA /* TuityTests.swift */; };
		9B6F26D125A2C0C300861FDA /* TuityUITests.swift in Sources */ = {isa = PBXBuildFile; fileRef = 9B6F26D025A2C0C300861FDA /* TuityUITests.swift */; };
/* End PBXBuildFile section */

/* Begin PBXContainerItemProxy section */
		9B6F26C225A2C0C300861FDA /* PBXContainerItemProxy */ = {
			isa = PBXContainerItemProxy;
			containerPortal = 9B6F26A325A2C0B900861FDA /* Project object */;
			proxyType = 1;
			remoteGlobalIDString = 9B6F26AA25A2C0B900861FDA;
			remoteInfo = Tuity;
		};
		9B6F26CD25A2C0C300861FDA /* PBXContainerItemProxy */ = {
			isa = PBXContainerItemProxy;
			containerPortal = 9B6F26A325A2C0B900861FDA /* Project object */;
			proxyType = 1;
			remoteGlobalIDString = 9B6F26AA25A2C0B900861FDA;
			remoteInfo = Tuity;
		};
/* End PBXContainerItemProxy section */

/* Begin PBXFileReference section */
		9B6F26AB25A2C0B900861FDA /* Tuity.app */ = {isa = PBXFileReference; explicitFileType = wrapper.application; includeInIndex = 0; path = Tuity.app; sourceTree = BUILT_PRODUCTS_DIR; };
		9B6F26AE25A2C0B900861FDA /* AppDelegate.swift */ = {isa = PBXFileReference; lastKnownFileType = sourcecode.swift; path = AppDelegate.swift; sourceTree = "<group>"; };
		9B6F26B025A2C0B900861FDA /* SceneDelegate.swift */ = {isa = PBXFileReference; lastKnownFileType = sourcecode.swift; path = SceneDelegate.swift; sourceTree = "<group>"; };
		9B6F26B225A2C0B900861FDA /* ViewController.swift */ = {isa = PBXFileReference; lastKnownFileType = sourcecode.swift; path = ViewController.swift; sourceTree = "<group>"; };
		9B6F26B525A2C0B900861FDA /* Base */ = {isa = PBXFileReference; lastKnownFileType = file.storyboard; name = Base; path = Base.lproj/Main.storyboard; sourceTree = "<group>"; };
		9B6F26B725A2C0C200861FDA /* Assets.xcassets */ = {isa = PBXFileReference; lastKnownFileType = folder.assetcatalog; path = Assets.xcassets; sourceTree = "<group>"; };
		9B6F26BA25A2C0C200861FDA /* Base */ = {isa = PBXFileReference; lastKnownFileType = file.storyboard; name = Base; path = Base.lproj/LaunchScreen.storyboard; sourceTree = "<group>"; };
		9B6F26BC25A2C0C200861FDA /* Info.plist */ = {isa = PBXFileReference; lastKnownFileType = text.plist.xml; path = Info.plist; sourceTree = "<group>"; };
		9B6F26C125A2C0C300861FDA /* TuityTests.xctest */ = {isa = PBXFileReference; explicitFileType = wrapper.cfbundle; includeInIndex = 0; path = TuityTests.xctest; sourceTree = BUILT_PRODUCTS_DIR; };
		9B6F26C525A2C0C300861FDA /* TuityTests.swift */ = {isa = PBXFileReference; lastKnownFileType = sourcecode.swift; path = TuityTests.swift; sourceTree = "<group>"; };
		9B6F26C725A2C0C300861FDA /* Info.plist */ = {isa = PBXFileReference; lastKnownFileType = text.plist.xml; path = Info.plist; sourceTree = "<group>"; };
		9B6F26CC25A2C0C300861FDA /* TuityUITests.xctest */ = {isa = PBXFileReference; explicitFileType = wrapper.cfbundle; includeInIndex = 0; path = TuityUITests.xctest; sourceTree = BUILT_PRODUCTS_DIR; };
		9B6F26D025A2C0C300861FDA /* TuityUITests.swift */ = {isa = PBXFileReference; lastKnownFileType = sourcecode.swift; path = TuityUITests.swift; sourceTree = "<group>"; };
		9B6F26D225A2C0C300861FDA /* Info.plist */ = {isa = PBXFileReference; lastKnownFileType = text.plist.xml; path = Info.plist; sourceTree = "<group>"; };
/* End PBXFileReference section */

/* Begin PBXFrameworksBuildPhase section */
		9B6F26A825A2C0B900861FDA /* Frameworks */ = {
			isa = PBXFrameworksBuildPhase;
			buildActionMask = 2147483647;
			files = (
			);
			runOnlyForDeploymentPostprocessing = 0;
		};
		9B6F26BE25A2C0C300861FDA /* Frameworks */ = {
			isa = PBXFrameworksBuildPhase;
			buildActionMask = 2147483647;
			files = (
			);
			runOnlyForDeploymentPostprocessing = 0;
		};
		9B6F26C925A2C0C300861FDA /* Frameworks */ = {
			isa = PBXFrameworksBuildPhase;
			buildActionMask = 2147483647;
			files = (
			);
			runOnlyForDeploymentPostprocessing = 0;
		};
/* End PBXFrameworksBuildPhase section */

/* Begin PBXGroup section */
		9B6F26A225A2C0B900861FDA = {
			isa = PBXGroup;
			children = (
				9B6F26AD25A2C0B900861FDA /* Tuity */,
				9B6F26C425A2C0C300861FDA /* TuityTests */,
				9B6F26CF25A2C0C300861FDA /* TuityUITests */,
				9B6F26AC25A2C0B900861FDA /* Products */,
			);
			sourceTree = "<group>";
		};
		9B6F26AC25A2C0B900861FDA /* Products */ = {
			isa = PBXGroup;
			children = (
				9B6F26AB25A2C0B900861FDA /* Tuity.app */,
				9B6F26C125A2C0C300861FDA /* TuityTests.xctest */,
				9B6F26CC25A2C0C300861FDA /* TuityUITests.xctest */,
			);
			name = Products;
			sourceTree = "<group>";
		};
		9B6F26AD25A2C0B900861FDA /* Tuity */ = {
			isa = PBXGroup;
			children = (
				9B6F26AE25A2C0B900861FDA /* AppDelegate.swift */,
				9B6F26B025A2C0B900861FDA /* SceneDelegate.swift */,
				9B6F26B225A2C0B900861FDA /* ViewController.swift */,
				9B6F26B425A2C0B900861FDA /* Main.storyboard */,
				9B6F26B725A2C0C200861FDA /* Assets.xcassets */,
				9B6F26B925A2C0C200861FDA /* LaunchScreen.storyboard */,
				9B6F26BC25A2C0C200861FDA /* Info.plist */,
			);
			path = Tuity;
			sourceTree = "<group>";
		};
		9B6F26C425A2C0C300861FDA /* TuityTests */ = {
			isa = PBXGroup;
			children = (
				9B6F26C525A2C0C300861FDA /* TuityTests.swift */,
				9B6F26C725A2C0C300861FDA /* Info.plist */,
			);
			path = TuityTests;
			sourceTree = "<group>";
		};
		9B6F26CF25A2C0C300861FDA /* TuityUITests */ = {
			isa = PBXGroup;
			children = (
				9B6F26D025A2C0C300861FDA /* TuityUITests.swift */,
				9B6F26D225A2C0C300861FDA /* Info.plist */,
			);
			path = TuityUITests;
			sourceTree = "<group>";
		};
/* End PBXGroup section */

/* Begin PBXNativeTarget section */
		9B6F26AA25A2C0B900861FDA /* Tuity */ = {
			isa = PBXNativeTarget;
			buildConfigurationList = 9B6F26D525A2C0C300861FDA /* Build configuration list for PBXNativeTarget "Tuity" */;
			buildPhases = (
				9B6F26A725A2C0B900861FDA /* Sources */,
				9B6F26A825A2C0B900861FDA /* Frameworks */,
				9B6F26A925A2C0B900861FDA /* Resources */,
			);
			buildRules = (
			);
			dependencies = (
			);
			name = Tuity;
			productName = Tuity;
			productReference = 9B6F26AB25A2C0B900861FDA /* Tuity.app */;
			productType = "com.apple.product-type.application";
		};
		9B6F26C025A2C0C300861FDA /* TuityTests */ = {
			isa = PBXNativeTarget;
			buildConfigurationList = 9B6F26D825A2C0C300861FDA /* Build configuration list for PBXNativeTarget "TuityTests" */;
			buildPhases = (
				9B6F26BD25A2C0C300861FDA /* Sources */,
				9B6F26BE25A2C0C300861FDA /* Frameworks */,
				9B6F26BF25A2C0C300861FDA /* Resources */,
			);
			buildRules = (
			);
			dependencies = (
				9B6F26C325A2C0C300861FDA /* PBXTargetDependency */,
			);
			name = TuityTests;
			productName = TuityTests;
			productReference = 9B6F26C125A2C0C300861FDA /* TuityTests.xctest */;
			productType = "com.apple.product-type.bundle.unit-test";
		};
		9B6F26CB25A2C0C300861FDA /* TuityUITests */ = {
			isa = PBXNativeTarget;
			buildConfigurationList = 9B6F26DB25A2C0C300861FDA /* Build configuration list for PBXNativeTarget "TuityUITests" */;
			buildPhases = (
				9B6F26C825A2C0C300861FDA /* Sources */,
				9B6F26C925A2C0C300861FDA /* Frameworks */,
				9B6F26CA25A2C0C300861FDA /* Resources */,
			);
			buildRules = (
			);
			dependencies = (
				9B6F26CE25A2C0C300861FDA /* PBXTargetDependency */,
			);
			name = TuityUITests;
			productName = TuityUITests;
			productReference = 9B6F26CC25A2C0C300861FDA /* TuityUITests.xctest */;
			productType = "com.apple.product-type.bundle.ui-testing";
		};
/* End PBXNativeTarget section */

/* Begin PBXProject section */
		9B6F26A325A2C0B900861FDA /* Project object */ = {
			isa = PBXProject;
			attributes = {
				LastSwiftUpdateCheck = 1230;
				LastUpgradeCheck = 1230;
				TargetAttributes = {
					9B6F26AA25A2C0B900861FDA = {
						CreatedOnToolsVersion = 12.3;
					};
					9B6F26C025A2C0C300861FDA = {
						CreatedOnToolsVersion = 12.3;
						TestTargetID = 9B6F26AA25A2C0B900861FDA;
					};
					9B6F26CB25A2C0C300861FDA = {
						CreatedOnToolsVersion = 12.3;
						TestTargetID = 9B6F26AA25A2C0B900861FDA;
					};
				};
			};
			buildConfigurationList = 9B6F26A625A2C0B900861FDA /* Build configuration list for PBXProject "Tuity" */;
			compatibilityVersion = "Xcode 9.3";
			developmentRegion = en;
			hasScannedForEncodings = 0;
			knownRegions = (
				en,
				Base,
			);
			mainGroup = 9B6F26A225A2C0B900861FDA;
			productRefGroup = 9B6F26AC25A2C0B900861FDA /* Products */;
			projectDirPath = "";
			projectRoot = "";
			targets = (
				9B6F26AA25A2C0B900861FDA /* Tuity */,
				9B6F26C025A2C0C300861FDA /* TuityTests */,
				9B6F26CB25A2C0C300861FDA /* TuityUITests */,
			);
		};
/* End PBXProject section */

/* Begin PBXResourcesBuildPhase section */
		9B6F26A925A2C0B900861FDA /* Resources */ = {
			isa = PBXResourcesBuildPhase;
			buildActionMask = 2147483647;
			files = (
				9B6F26BB25A2C0C200861FDA /* LaunchScreen.storyboard in Resources */,
				9B6F26B825A2C0C200861FDA /* Assets.xcassets in Resources */,
				9B6F26B625A2C0B900861FDA /* Main.storyboard in Resources */,
			);
			runOnlyForDeploymentPostprocessing = 0;
		};
		9B6F26BF25A2C0C300861FDA /* Resources */ = {
			isa = PBXResourcesBuildPhase;
			buildActionMask = 2147483647;
			files = (
			);
			runOnlyForDeploymentPostprocessing = 0;
		};
		9B6F26CA25A2C0C300861FDA /* Resources */ = {
			isa = PBXResourcesBuildPhase;
			buildActionMask = 2147483647;
			files = (
			);
			runOnlyForDeploymentPostprocessing = 0;
		};
/* End PBXResourcesBuildPhase section */

/* Begin PBXSourcesBuildPhase section */
		9B6F26A725A2C0B900861FDA /* Sources */ = {
			isa = PBXSourcesBuildPhase;
			buildActionMask = 2147483647;
			files = (
				9B6F26B325A2C0B900861FDA /* ViewController.swift in Sources */,
				9B6F26AF25A2C0B900861FDA /* AppDelegate.swift in Sources */,
				9B6F26B125A2C0B900861FDA /* SceneDelegate.swift in Sources */,
			);
			runOnlyForDeploymentPostprocessing = 0;
		};
		9B6F26BD25A2C0C300861FDA /* Sources */ = {
			isa = PBXSourcesBuildPhase;
			buildActionMask = 2147483647;
			files = (
				9B6F26C625A2C0C300861FDA /* TuityTests.swift in Sources */,
			);
			runOnlyForDeploymentPostprocessing = 0;
		};
		9B6F26C825A2C0C300861FDA /* Sources */ = {
			isa = PBXSourcesBuildPhase;
			buildActionMask = 2147483647;
			files = (
				9B6F26D125A2C0C300861FDA /* TuityUITests.swift in Sources */,
			);
			runOnlyForDeploymentPostprocessing = 0;
		};
/* End PBXSourcesBuildPhase section */

/* Begin PBXTargetDependency section */
		9B6F26C325A2C0C300861FDA /* PBXTargetDependency */ = {
			isa = PBXTargetDependency;
			target = 9B6F26AA25A2C0B900861FDA /* Tuity */;
			targetProxy = 9B6F26C225A2C0C300861FDA /* PBXContainerItemProxy */;
		};
		9B6F26CE25A2C0C300861FDA /* PBXTargetDependency */ = {
			isa = PBXTargetDependency;
			target = 9B6F26AA25A2C0B900861FDA /* Tuity */;
			targetProxy = 9B6F26CD25A2C0C300861FDA /* PBXContainerItemProxy */;
		};
/* End PBXTargetDependency section */

/* Begin PBXVariantGroup section */
		9B6F26B425A2C0B900861FDA /* Main.storyboard */ = {
			isa = PBXVariantGroup;
			children = (
				9B6F26B525A2C0B900861FDA /* Base */,
			);
			name = Main.storyboard;
			sourceTree = "<group>";
		};
		9B6F26B925A2C0C200861FDA /* LaunchScreen.storyboard */ = {
			isa = PBXVariantGroup;
			children = (
				9B6F26BA25A2C0C200861FDA /* Base */,
			);
			name = LaunchScreen.storyboard;
			sourceTree = "<group>";
		};
/* End PBXVariantGroup section */

/* Begin XCBuildConfiguration section */
		9B6F26D325A2C0C300861FDA /* Debug */ = {
			isa = XCBuildConfiguration;
			buildSettings = {
				ALWAYS_SEARCH_USER_PATHS = NO;
				CLANG_ANALYZER_NONNULL = YES;
				CLANG_ANALYZER_NUMBER_OBJECT_CONVERSION = YES_AGGRESSIVE;
				CLANG_CXX_LANGUAGE_STANDARD = "gnu++14";
				CLANG_CXX_LIBRARY = "libc++";
				CLANG_ENABLE_MODULES = YES;
				CLANG_ENABLE_OBJC_ARC = YES;
				CLANG_ENABLE_OBJC_WEAK = YES;
				CLANG_WARN_BLOCK_CAPTURE_AUTORELEASING = YES;
				CLANG_WARN_BOOL_CONVERSION = YES;
				CLANG_WARN_COMMA = YES;
				CLANG_WARN_CONSTANT_CONVERSION = YES;
				CLANG_WARN_DEPRECATED_OBJC_IMPLEMENTATIONS = YES;
				CLANG_WARN_DIRECT_OBJC_ISA_USAGE = YES_ERROR;
				CLANG_WARN_DOCUMENTATION_COMMENTS = YES;
				CLANG_WARN_EMPTY_BODY = YES;
				CLANG_WARN_ENUM_CONVERSION = YES;
				CLANG_WARN_INFINITE_RECURSION = YES;
				CLANG_WARN_INT_CONVERSION = YES;
				CLANG_WARN_NON_LITERAL_NULL_CONVERSION = YES;
				CLANG_WARN_OBJC_IMPLICIT_RETAIN_SELF = YES;
				CLANG_WARN_OBJC_LITERAL_CONVERSION = YES;
				CLANG_WARN_OBJC_ROOT_CLASS = YES_ERROR;
				CLANG_WARN_QUOTED_INCLUDE_IN_FRAMEWORK_HEADER = YES;
				CLANG_WARN_RANGE_LOOP_ANALYSIS = YES;
				CLANG_WARN_STRICT_PROTOTYPES = YES;
				CLANG_WARN_SUSPICIOUS_MOVE = YES;
				CLANG_WARN_UNGUARDED_AVAILABILITY = YES_AGGRESSIVE;
				CLANG_WARN_UNREACHABLE_CODE = YES;
				CLANG_WARN__DUPLICATE_METHOD_MATCH = YES;
				COPY_PHASE_STRIP = NO;
				DEBUG_INFORMATION_FORMAT = dwarf;
				ENABLE_STRICT_OBJC_MSGSEND = YES;
				ENABLE_TESTABILITY = YES;
				GCC_C_LANGUAGE_STANDARD = gnu11;
				GCC_DYNAMIC_NO_PIC = NO;
				GCC_NO_COMMON_BLOCKS = YES;
				GCC_OPTIMIZATION_LEVEL = 0;
				GCC_PREPROCESSOR_DEFINITIONS = (
					"DEBUG=1",
					"$(inherited)",
				);
				GCC_WARN_64_TO_32_BIT_CONVERSION = YES;
				GCC_WARN_ABOUT_RETURN_TYPE = YES_ERROR;
				GCC_WARN_UNDECLARED_SELECTOR = YES;
				GCC_WARN_UNINITIALIZED_AUTOS = YES_AGGRESSIVE;
				GCC_WARN_UNUSED_FUNCTION = YES;
				GCC_WARN_UNUSED_VARIABLE = YES;
				IPHONEOS_DEPLOYMENT_TARGET = 14.3;
				MTL_ENABLE_DEBUG_INFO = INCLUDE_SOURCE;
				MTL_FAST_MATH = YES;
				ONLY_ACTIVE_ARCH = YES;
				SDKROOT = iphoneos;
				SWIFT_ACTIVE_COMPILATION_CONDITIONS = DEBUG;
				SWIFT_OPTIMIZATION_LEVEL = "-Onone";
			};
			name = Debug;
		};
		9B6F26D425A2C0C300861FDA /* Release */ = {
			isa = XCBuildConfiguration;
			buildSettings = {
				ALWAYS_SEARCH_USER_PATHS = NO;
				CLANG_ANALYZER_NONNULL = YES;
				CLANG_ANALYZER_NUMBER_OBJECT_CONVERSION = YES_AGGRESSIVE;
				CLANG_CXX_LANGUAGE_STANDARD = "gnu++14";
				CLANG_CXX_LIBRARY = "libc++";
				CLANG_ENABLE_MODULES = YES;
				CLANG_ENABLE_OBJC_ARC = YES;
				CLANG_ENABLE_OBJC_WEAK = YES;
				CLANG_WARN_BLOCK_CAPTURE_AUTORELEASING = YES;
				CLANG_WARN_BOOL_CONVERSION = YES;
				CLANG_WARN_COMMA = YES;
				CLANG_WARN_CONSTANT_CONVERSION = YES;
				CLANG_WARN_DEPRECATED_OBJC_IMPLEMENTATIONS = YES;
				CLANG_WARN_DIRECT_OBJC_ISA_USAGE = YES_ERROR;
				CLANG_WARN_DOCUMENTATION_COMMENTS = YES;
				CLANG_WARN_EMPTY_BODY = YES;
				CLANG_WARN_ENUM_CONVERSION = YES;
				CLANG_WARN_INFINITE_RECURSION = YES;
				CLANG_WARN_INT_CONVERSION = YES;
				CLANG_WARN_NON_LITERAL_NULL_CONVERSION = YES;
				CLANG_WARN_OBJC_IMPLICIT_RETAIN_SELF = YES;
				CLANG_WARN_OBJC_LITERAL_CONVERSION = YES;
				CLANG_WARN_OBJC_ROOT_CLASS = YES_ERROR;
				CLANG_WARN_QUOTED_INCLUDE_IN_FRAMEWORK_HEADER = YES;
				CLANG_WARN_RANGE_LOOP_ANALYSIS = YES;
				CLANG_WARN_STRICT_PROTOTYPES = YES;
				CLANG_WARN_SUSPICIOUS_MOVE = YES;
				CLANG_WARN_UNGUARDED_AVAILABILITY = YES_AGGRESSIVE;
				CLANG_WARN_UNREACHABLE_CODE = YES;
				CLANG_WARN__DUPLICATE_METHOD_MATCH = YES;
				COPY_PHASE_STRIP = NO;
				DEBUG_INFORMATION_FORMAT = "dwarf-with-dsym";
				ENABLE_NS_ASSERTIONS = NO;
				ENABLE_STRICT_OBJC_MSGSEND = YES;
				GCC_C_LANGUAGE_STANDARD = gnu11;
				GCC_NO_COMMON_BLOCKS = YES;
				GCC_WARN_64_TO_32_BIT_CONVERSION = YES;
				GCC_WARN_ABOUT_RETURN_TYPE = YES_ERROR;
				GCC_WARN_UNDECLARED_SELECTOR = YES;
				GCC_WARN_UNINITIALIZED_AUTOS = YES_AGGRESSIVE;
				GCC_WARN_UNUSED_FUNCTION = YES;
				GCC_WARN_UNUSED_VARIABLE = YES;
				IPHONEOS_DEPLOYMENT_TARGET = 14.3;
				MTL_ENABLE_DEBUG_INFO = NO;
				MTL_FAST_MATH = YES;
				SDKROOT = iphoneos;
				SWIFT_COMPILATION_MODE = wholemodule;
				SWIFT_OPTIMIZATION_LEVEL = "-O";
				VALIDATE_PRODUCT = YES;
			};
			name = Release;
		};
		9B6F26D625A2C0C300861FDA /* Debug */ = {
			isa = XCBuildConfiguration;
			buildSettings = {
				ASSETCATALOG_COMPILER_APPICON_NAME = AppIcon;
				ASSETCATALOG_COMPILER_GLOBAL_ACCENT_COLOR_NAME = AccentColor;
				CODE_SIGN_STYLE = Automatic;
				INFOPLIST_FILE = Tuity/Info.plist;
				LD_RUNPATH_SEARCH_PATHS = (
					"$(inherited)",
					"@executable_path/Frameworks",
				);
				PRODUCT_BUNDLE_IDENTIFIER = codepath.Tuity;
				PRODUCT_NAME = "$(TARGET_NAME)";
				SWIFT_VERSION = 5.0;
				TARGETED_DEVICE_FAMILY = "1,2";
			};
			name = Debug;
		};
		9B6F26D725A2C0C300861FDA /* Release */ = {
			isa = XCBuildConfiguration;
			buildSettings = {
				ASSETCATALOG_COMPILER_APPICON_NAME = AppIcon;
				ASSETCATALOG_COMPILER_GLOBAL_ACCENT_COLOR_NAME = AccentColor;
				CODE_SIGN_STYLE = Automatic;
				INFOPLIST_FILE = Tuity/Info.plist;
				LD_RUNPATH_SEARCH_PATHS = (
					"$(inherited)",
					"@executable_path/Frameworks",
				);
				PRODUCT_BUNDLE_IDENTIFIER = codepath.Tuity;
				PRODUCT_NAME = "$(TARGET_NAME)";
				SWIFT_VERSION = 5.0;
				TARGETED_DEVICE_FAMILY = "1,2";
			};
			name = Release;
		};
		9B6F26D925A2C0C300861FDA /* Debug */ = {
			isa = XCBuildConfiguration;
			buildSettings = {
				ALWAYS_EMBED_SWIFT_STANDARD_LIBRARIES = YES;
				BUNDLE_LOADER = "$(TEST_HOST)";
				CODE_SIGN_STYLE = Automatic;
				INFOPLIST_FILE = TuityTests/Info.plist;
				IPHONEOS_DEPLOYMENT_TARGET = 14.3;
				LD_RUNPATH_SEARCH_PATHS = (
					"$(inherited)",
					"@executable_path/Frameworks",
					"@loader_path/Frameworks",
				);
				PRODUCT_BUNDLE_IDENTIFIER = codepath.TuityTests;
				PRODUCT_NAME = "$(TARGET_NAME)";
				SWIFT_VERSION = 5.0;
				TARGETED_DEVICE_FAMILY = "1,2";
				TEST_HOST = "$(BUILT_PRODUCTS_DIR)/Tuity.app/Tuity";
			};
			name = Debug;
		};
		9B6F26DA25A2C0C300861FDA /* Release */ = {
			isa = XCBuildConfiguration;
			buildSettings = {
				ALWAYS_EMBED_SWIFT_STANDARD_LIBRARIES = YES;
				BUNDLE_LOADER = "$(TEST_HOST)";
				CODE_SIGN_STYLE = Automatic;
				INFOPLIST_FILE = TuityTests/Info.plist;
				IPHONEOS_DEPLOYMENT_TARGET = 14.3;
				LD_RUNPATH_SEARCH_PATHS = (
					"$(inherited)",
					"@executable_path/Frameworks",
					"@loader_path/Frameworks",
				);
				PRODUCT_BUNDLE_IDENTIFIER = codepath.TuityTests;
				PRODUCT_NAME = "$(TARGET_NAME)";
				SWIFT_VERSION = 5.0;
				TARGETED_DEVICE_FAMILY = "1,2";
				TEST_HOST = "$(BUILT_PRODUCTS_DIR)/Tuity.app/Tuity";
			};
			name = Release;
		};
		9B6F26DC25A2C0C300861FDA /* Debug */ = {
			isa = XCBuildConfiguration;
			buildSettings = {
				ALWAYS_EMBED_SWIFT_STANDARD_LIBRARIES = YES;
				CODE_SIGN_STYLE = Automatic;
				INFOPLIST_FILE = TuityUITests/Info.plist;
				LD_RUNPATH_SEARCH_PATHS = (
					"$(inherited)",
					"@executable_path/Frameworks",
					"@loader_path/Frameworks",
				);
				PRODUCT_BUNDLE_IDENTIFIER = codepath.TuityUITests;
				PRODUCT_NAME = "$(TARGET_NAME)";
				SWIFT_VERSION = 5.0;
				TARGETED_DEVICE_FAMILY = "1,2";
				TEST_TARGET_NAME = Tuity;
			};
			name = Debug;
		};
		9B6F26DD25A2C0C300861FDA /* Release */ = {
			isa = XCBuildConfiguration;
			buildSettings = {
				ALWAYS_EMBED_SWIFT_STANDARD_LIBRARIES = YES;
				CODE_SIGN_STYLE = Automatic;
				INFOPLIST_FILE = TuityUITests/Info.plist;
				LD_RUNPATH_SEARCH_PATHS = (
					"$(inherited)",
					"@executable_path/Frameworks",
					"@loader_path/Frameworks",
				);
				PRODUCT_BUNDLE_IDENTIFIER = codepath.TuityUITests;
				PRODUCT_NAME = "$(TARGET_NAME)";
				SWIFT_VERSION = 5.0;
				TARGETED_DEVICE_FAMILY = "1,2";
				TEST_TARGET_NAME = Tuity;
			};
			name = Release;
		};
/* End XCBuildConfiguration section */

/* Begin XCConfigurationList section */
		9B6F26A625A2C0B900861FDA /* Build configuration list for PBXProject "Tuity" */ = {
			isa = XCConfigurationList;
			buildConfigurations = (
				9B6F26D325A2C0C300861FDA /* Debug */,
				9B6F26D425A2C0C300861FDA /* Release */,
			);
			defaultConfigurationIsVisible = 0;
			defaultConfigurationName = Release;
		};
		9B6F26D525A2C0C300861FDA /* Build configuration list for PBXNativeTarget "Tuity" */ = {
			isa = XCConfigurationList;
			buildConfigurations = (
				9B6F26D625A2C0C300861FDA /* Debug */,
				9B6F26D725A2C0C300861FDA /* Release */,
			);
			defaultConfigurationIsVisible = 0;
			defaultConfigurationName = Release;
		};
		9B6F26D825A2C0C300861FDA /* Build configuration list for PBXNativeTarget "TuityTests" */ = {
			isa = XCConfigurationList;
			buildConfigurations = (
				9B6F26D925A2C0C300861FDA /* Debug */,
				9B6F26DA25A2C0C300861FDA /* Release */,
			);
			defaultConfigurationIsVisible = 0;
			defaultConfigurationName = Release;
		};
		9B6F26DB25A2C0C300861FDA /* Build configuration list for PBXNativeTarget "TuityUITests" */ = {
			isa = XCConfigurationList;
			buildConfigurations = (
				9B6F26DC25A2C0C300861FDA /* Debug */,
				9B6F26DD25A2C0C300861FDA /* Release */,
			);
			defaultConfigurationIsVisible = 0;
			defaultConfigurationName = Release;
		};
/* End XCConfigurationList section */
	};
	rootObject = 9B6F26A325A2C0B900861FDA /* Project object */;
}
